// !$*UTF8*$!
{
	archiveVersion = 1;
	classes = {
	};
	objectVersion = 50;
	objects = {

/* Begin PBXBuildFile section */
		422DABA82636725500C0D895 /* UIView+Extension.swift in Sources */ = {isa = PBXBuildFile; fileRef = 422DABA72636725500C0D895 /* UIView+Extension.swift */; };
		4244174926343BA600BB3B9D /* video1.mp4 in Resources */ = {isa = PBXBuildFile; fileRef = 4244174826343BA600BB3B9D /* video1.mp4 */; };
		427FB73726358E88005E7CAA /* VideoComposer.swift in Sources */ = {isa = PBXBuildFile; fileRef = 427FB73626358E88005E7CAA /* VideoComposer.swift */; };
		42C9A60C2632F29400432E78 /* AppDelegate.swift in Sources */ = {isa = PBXBuildFile; fileRef = 42C9A60B2632F29400432E78 /* AppDelegate.swift */; };
		42C9A60E2632F29400432E78 /* SceneDelegate.swift in Sources */ = {isa = PBXBuildFile; fileRef = 42C9A60D2632F29400432E78 /* SceneDelegate.swift */; };
		42C9A6102632F29400432E78 /* ViewController.swift in Sources */ = {isa = PBXBuildFile; fileRef = 42C9A60F2632F29400432E78 /* ViewController.swift */; };
		42C9A6132632F29400432E78 /* Main.storyboard in Resources */ = {isa = PBXBuildFile; fileRef = 42C9A6112632F29400432E78 /* Main.storyboard */; };
		42C9A6152632F29500432E78 /* Assets.xcassets in Resources */ = {isa = PBXBuildFile; fileRef = 42C9A6142632F29500432E78 /* Assets.xcassets */; };
		42C9A6182632F29500432E78 /* LaunchScreen.storyboard in Resources */ = {isa = PBXBuildFile; fileRef = 42C9A6162632F29500432E78 /* LaunchScreen.storyboard */; };
		42C9A6222633020F00432E78 /* video2.mp4 in Resources */ = {isa = PBXBuildFile; fileRef = 42C9A620263301FA00432E78 /* video2.mp4 */; };
		42C9A62826330A0600432E78 /* AVPlayerView.swift in Sources */ = {isa = PBXBuildFile; fileRef = 42C9A62726330A0600432E78 /* AVPlayerView.swift */; };
		42C9A62C26330C8800432E78 /* PlayerControlViewController.swift in Sources */ = {isa = PBXBuildFile; fileRef = 42C9A62B26330C8800432E78 /* PlayerControlViewController.swift */; };
		42C9A63026331DAE00432E78 /* UIViewController+Extension.swift in Sources */ = {isa = PBXBuildFile; fileRef = 42C9A62F26331DAE00432E78 /* UIViewController+Extension.swift */; };
		42C9A6372633236100432E78 /* AVPlayer+Extension.swift in Sources */ = {isa = PBXBuildFile; fileRef = 42C9A6362633236100432E78 /* AVPlayer+Extension.swift */; };
		42EE77EE263549A5002DB6E7 /* video3.mp4 in Resources */ = {isa = PBXBuildFile; fileRef = 42EE77ED263549A5002DB6E7 /* video3.mp4 */; };
		42EE77F126354A0F002DB6E7 /* video5.mp4 in Resources */ = {isa = PBXBuildFile; fileRef = 42EE77F026354A0F002DB6E7 /* video5.mp4 */; };
/* End PBXBuildFile section */

/* Begin PBXFileReference section */
		422DABA72636725500C0D895 /* UIView+Extension.swift */ = {isa = PBXFileReference; lastKnownFileType = sourcecode.swift; path = "UIView+Extension.swift"; sourceTree = "<group>"; };
		4244174826343BA600BB3B9D /* video1.mp4 */ = {isa = PBXFileReference; lastKnownFileType = file; name = video1.mp4; path = ../../../Downloads/video1.mp4; sourceTree = "<group>"; };
		427FB73626358E88005E7CAA /* VideoComposer.swift */ = {isa = PBXFileReference; lastKnownFileType = sourcecode.swift; path = VideoComposer.swift; sourceTree = "<group>"; };
		42C9A6082632F29400432E78 /* AVMixcer.app */ = {isa = PBXFileReference; explicitFileType = wrapper.application; includeInIndex = 0; path = AVMixcer.app; sourceTree = BUILT_PRODUCTS_DIR; };
		42C9A60B2632F29400432E78 /* AppDelegate.swift */ = {isa = PBXFileReference; lastKnownFileType = sourcecode.swift; path = AppDelegate.swift; sourceTree = "<group>"; };
		42C9A60D2632F29400432E78 /* SceneDelegate.swift */ = {isa = PBXFileReference; lastKnownFileType = sourcecode.swift; path = SceneDelegate.swift; sourceTree = "<group>"; };
		42C9A60F2632F29400432E78 /* ViewController.swift */ = {isa = PBXFileReference; lastKnownFileType = sourcecode.swift; path = ViewController.swift; sourceTree = "<group>"; };
		42C9A6122632F29400432E78 /* Base */ = {isa = PBXFileReference; lastKnownFileType = file.storyboard; name = Base; path = Base.lproj/Main.storyboard; sourceTree = "<group>"; };
		42C9A6142632F29500432E78 /* Assets.xcassets */ = {isa = PBXFileReference; lastKnownFileType = folder.assetcatalog; path = Assets.xcassets; sourceTree = "<group>"; };
		42C9A6172632F29500432E78 /* Base */ = {isa = PBXFileReference; lastKnownFileType = file.storyboard; name = Base; path = Base.lproj/LaunchScreen.storyboard; sourceTree = "<group>"; };
		42C9A6192632F29500432E78 /* Info.plist */ = {isa = PBXFileReference; lastKnownFileType = text.plist.xml; path = Info.plist; sourceTree = "<group>"; };
		42C9A620263301FA00432E78 /* video2.mp4 */ = {isa = PBXFileReference; lastKnownFileType = file; path = video2.mp4; sourceTree = "<group>"; };
		42C9A62726330A0600432E78 /* AVPlayerView.swift */ = {isa = PBXFileReference; lastKnownFileType = sourcecode.swift; path = AVPlayerView.swift; sourceTree = "<group>"; };
		42C9A62B26330C8800432E78 /* PlayerControlViewController.swift */ = {isa = PBXFileReference; lastKnownFileType = sourcecode.swift; path = PlayerControlViewController.swift; sourceTree = "<group>"; };
		42C9A62F26331DAE00432E78 /* UIViewController+Extension.swift */ = {isa = PBXFileReference; lastKnownFileType = sourcecode.swift; path = "UIViewController+Extension.swift"; sourceTree = "<group>"; };
		42C9A6362633236100432E78 /* AVPlayer+Extension.swift */ = {isa = PBXFileReference; lastKnownFileType = sourcecode.swift; path = "AVPlayer+Extension.swift"; sourceTree = "<group>"; };
		42EE77ED263549A5002DB6E7 /* video3.mp4 */ = {isa = PBXFileReference; lastKnownFileType = file; path = video3.mp4; sourceTree = "<group>"; };
		42EE77F026354A0F002DB6E7 /* video5.mp4 */ = {isa = PBXFileReference; lastKnownFileType = file; path = video5.mp4; sourceTree = "<group>"; };
/* End PBXFileReference section */

/* Begin PBXFrameworksBuildPhase section */
		42C9A6052632F29400432E78 /* Frameworks */ = {
			isa = PBXFrameworksBuildPhase;
			buildActionMask = 2147483647;
			files = (
			);
			runOnlyForDeploymentPostprocessing = 0;
		};
/* End PBXFrameworksBuildPhase section */

/* Begin PBXGroup section */
		427FB73526358E6E005E7CAA /* Data */ = {
			isa = PBXGroup;
			children = (
				427FB73626358E88005E7CAA /* VideoComposer.swift */,
			);
			path = Data;
			sourceTree = "<group>";
		};
		42C9A5FF2632F29400432E78 = {
			isa = PBXGroup;
			children = (
				42C9A60A2632F29400432E78 /* AVMixcer */,
				42C9A6092632F29400432E78 /* Products */,
			);
			sourceTree = "<group>";
		};
		42C9A6092632F29400432E78 /* Products */ = {
			isa = PBXGroup;
			children = (
				42C9A6082632F29400432E78 /* AVMixcer.app */,
			);
			name = Products;
			sourceTree = "<group>";
		};
		42C9A60A2632F29400432E78 /* AVMixcer */ = {
			isa = PBXGroup;
			children = (
				42C9A60B2632F29400432E78 /* AppDelegate.swift */,
				42C9A60D2632F29400432E78 /* SceneDelegate.swift */,
				42C9A62726330A0600432E78 /* AVPlayerView.swift */,
				42C9A62B26330C8800432E78 /* PlayerControlViewController.swift */,
				42C9A60F2632F29400432E78 /* ViewController.swift */,
				427FB73526358E6E005E7CAA /* Data */,
				42C9A62E26331D8300432E78 /* Utils */,
				4244174826343BA600BB3B9D /* video1.mp4 */,
				42EE77F026354A0F002DB6E7 /* video5.mp4 */,
				42C9A620263301FA00432E78 /* video2.mp4 */,
				42EE77ED263549A5002DB6E7 /* video3.mp4 */,
				42C9A6112632F29400432E78 /* Main.storyboard */,
				42C9A6142632F29500432E78 /* Assets.xcassets */,
				42C9A6162632F29500432E78 /* LaunchScreen.storyboard */,
				42C9A6192632F29500432E78 /* Info.plist */,
			);
			path = AVMixcer;
			sourceTree = "<group>";
		};
		42C9A62E26331D8300432E78 /* Utils */ = {
			isa = PBXGroup;
			children = (
				42C9A62F26331DAE00432E78 /* UIViewController+Extension.swift */,
				422DABA72636725500C0D895 /* UIView+Extension.swift */,
				42C9A6362633236100432E78 /* AVPlayer+Extension.swift */,
			);
			path = Utils;
			sourceTree = "<group>";
		};
/* End PBXGroup section */

/* Begin PBXNativeTarget section */
		42C9A6072632F29400432E78 /* AVMixcer */ = {
			isa = PBXNativeTarget;
			buildConfigurationList = 42C9A61C2632F29500432E78 /* Build configuration list for PBXNativeTarget "AVMixcer" */;
			buildPhases = (
				42C9A6042632F29400432E78 /* Sources */,
				42C9A6052632F29400432E78 /* Frameworks */,
				42C9A6062632F29400432E78 /* Resources */,
			);
			buildRules = (
			);
			dependencies = (
			);
			name = AVMixcer;
			productName = AVMixcer;
			productReference = 42C9A6082632F29400432E78 /* AVMixcer.app */;
			productType = "com.apple.product-type.application";
		};
/* End PBXNativeTarget section */

/* Begin PBXProject section */
		42C9A6002632F29400432E78 /* Project object */ = {
			isa = PBXProject;
			attributes = {
				LastSwiftUpdateCheck = 1210;
				LastUpgradeCheck = 1210;
				TargetAttributes = {
					42C9A6072632F29400432E78 = {
						CreatedOnToolsVersion = 12.1;
					};
				};
			};
			buildConfigurationList = 42C9A6032632F29400432E78 /* Build configuration list for PBXProject "AVMixcer" */;
			compatibilityVersion = "Xcode 9.3";
			developmentRegion = en;
			hasScannedForEncodings = 0;
			knownRegions = (
				en,
				Base,
			);
			mainGroup = 42C9A5FF2632F29400432E78;
			productRefGroup = 42C9A6092632F29400432E78 /* Products */;
			projectDirPath = "";
			projectRoot = "";
			targets = (
				42C9A6072632F29400432E78 /* AVMixcer */,
			);
		};
/* End PBXProject section */

/* Begin PBXResourcesBuildPhase section */
		42C9A6062632F29400432E78 /* Resources */ = {
			isa = PBXResourcesBuildPhase;
			buildActionMask = 2147483647;
			files = (
				42C9A6182632F29500432E78 /* LaunchScreen.storyboard in Resources */,
				42EE77EE263549A5002DB6E7 /* video3.mp4 in Resources */,
				42C9A6152632F29500432E78 /* Assets.xcassets in Resources */,
				42C9A6132632F29400432E78 /* Main.storyboard in Resources */,
				42EE77F126354A0F002DB6E7 /* video5.mp4 in Resources */,
				4244174926343BA600BB3B9D /* video1.mp4 in Resources */,
				42C9A6222633020F00432E78 /* video2.mp4 in Resources */,
			);
			runOnlyForDeploymentPostprocessing = 0;
		};
/* End PBXResourcesBuildPhase section */

/* Begin PBXSourcesBuildPhase section */
		42C9A6042632F29400432E78 /* Sources */ = {
			isa = PBXSourcesBuildPhase;
			buildActionMask = 2147483647;
			files = (
				42C9A63026331DAE00432E78 /* UIViewController+Extension.swift in Sources */,
				427FB73726358E88005E7CAA /* VideoComposer.swift in Sources */,
				42C9A62C26330C8800432E78 /* PlayerControlViewController.swift in Sources */,
				422DABA82636725500C0D895 /* UIView+Extension.swift in Sources */,
				42C9A6102632F29400432E78 /* ViewController.swift in Sources */,
				42C9A60C2632F29400432E78 /* AppDelegate.swift in Sources */,
				42C9A60E2632F29400432E78 /* SceneDelegate.swift in Sources */,
				42C9A62826330A0600432E78 /* AVPlayerView.swift in Sources */,
				42C9A6372633236100432E78 /* AVPlayer+Extension.swift in Sources */,
			);
			runOnlyForDeploymentPostprocessing = 0;
		};
/* End PBXSourcesBuildPhase section */

/* Begin PBXVariantGroup section */
		42C9A6112632F29400432E78 /* Main.storyboard */ = {
			isa = PBXVariantGroup;
			children = (
				42C9A6122632F29400432E78 /* Base */,
			);
			name = Main.storyboard;
			sourceTree = "<group>";
		};
		42C9A6162632F29500432E78 /* LaunchScreen.storyboard */ = {
			isa = PBXVariantGroup;
			children = (
				42C9A6172632F29500432E78 /* Base */,
			);
			name = LaunchScreen.storyboard;
			sourceTree = "<group>";
		};
/* End PBXVariantGroup section */

/* Begin XCBuildConfiguration section */
		42C9A61A2632F29500432E78 /* Debug */ = {
			isa = XCBuildConfiguration;
			buildSettings = {
				ALWAYS_SEARCH_USER_PATHS = NO;
				CLANG_ANALYZER_NONNULL = YES;
				CLANG_ANALYZER_NUMBER_OBJECT_CONVERSION = YES_AGGRESSIVE;
				CLANG_CXX_LANGUAGE_STANDARD = "gnu++14";
				CLANG_CXX_LIBRARY = "libc++";
				CLANG_ENABLE_MODULES = YES;
				CLANG_ENABLE_OBJC_ARC = YES;
				CLANG_ENABLE_OBJC_WEAK = YES;
				CLANG_WARN_BLOCK_CAPTURE_AUTORELEASING = YES;
				CLANG_WARN_BOOL_CONVERSION = YES;
				CLANG_WARN_COMMA = YES;
				CLANG_WARN_CONSTANT_CONVERSION = YES;
				CLANG_WARN_DEPRECATED_OBJC_IMPLEMENTATIONS = YES;
				CLANG_WARN_DIRECT_OBJC_ISA_USAGE = YES_ERROR;
				CLANG_WARN_DOCUMENTATION_COMMENTS = YES;
				CLANG_WARN_EMPTY_BODY = YES;
				CLANG_WARN_ENUM_CONVERSION = YES;
				CLANG_WARN_INFINITE_RECURSION = YES;
				CLANG_WARN_INT_CONVERSION = YES;
				CLANG_WARN_NON_LITERAL_NULL_CONVERSION = YES;
				CLANG_WARN_OBJC_IMPLICIT_RETAIN_SELF = YES;
				CLANG_WARN_OBJC_LITERAL_CONVERSION = YES;
				CLANG_WARN_OBJC_ROOT_CLASS = YES_ERROR;
				CLANG_WARN_QUOTED_INCLUDE_IN_FRAMEWORK_HEADER = YES;
				CLANG_WARN_RANGE_LOOP_ANALYSIS = YES;
				CLANG_WARN_STRICT_PROTOTYPES = YES;
				CLANG_WARN_SUSPICIOUS_MOVE = YES;
				CLANG_WARN_UNGUARDED_AVAILABILITY = YES_AGGRESSIVE;
				CLANG_WARN_UNREACHABLE_CODE = YES;
				CLANG_WARN__DUPLICATE_METHOD_MATCH = YES;
				COPY_PHASE_STRIP = NO;
				DEBUG_INFORMATION_FORMAT = dwarf;
				ENABLE_STRICT_OBJC_MSGSEND = YES;
				ENABLE_TESTABILITY = YES;
				GCC_C_LANGUAGE_STANDARD = gnu11;
				GCC_DYNAMIC_NO_PIC = NO;
				GCC_NO_COMMON_BLOCKS = YES;
				GCC_OPTIMIZATION_LEVEL = 0;
				GCC_PREPROCESSOR_DEFINITIONS = (
					"DEBUG=1",
					"$(inherited)",
				);
				GCC_WARN_64_TO_32_BIT_CONVERSION = YES;
				GCC_WARN_ABOUT_RETURN_TYPE = YES_ERROR;
				GCC_WARN_UNDECLARED_SELECTOR = YES;
				GCC_WARN_UNINITIALIZED_AUTOS = YES_AGGRESSIVE;
				GCC_WARN_UNUSED_FUNCTION = YES;
				GCC_WARN_UNUSED_VARIABLE = YES;
				IPHONEOS_DEPLOYMENT_TARGET = 14.1;
				MTL_ENABLE_DEBUG_INFO = INCLUDE_SOURCE;
				MTL_FAST_MATH = YES;
				ONLY_ACTIVE_ARCH = YES;
				SDKROOT = iphoneos;
				SWIFT_ACTIVE_COMPILATION_CONDITIONS = DEBUG;
				SWIFT_OPTIMIZATION_LEVEL = "-Onone";
			};
			name = Debug;
		};
		42C9A61B2632F29500432E78 /* Release */ = {
			isa = XCBuildConfiguration;
			buildSettings = {
				ALWAYS_SEARCH_USER_PATHS = NO;
				CLANG_ANALYZER_NONNULL = YES;
				CLANG_ANALYZER_NUMBER_OBJECT_CONVERSION = YES_AGGRESSIVE;
				CLANG_CXX_LANGUAGE_STANDARD = "gnu++14";
				CLANG_CXX_LIBRARY = "libc++";
				CLANG_ENABLE_MODULES = YES;
				CLANG_ENABLE_OBJC_ARC = YES;
				CLANG_ENABLE_OBJC_WEAK = YES;
				CLANG_WARN_BLOCK_CAPTURE_AUTORELEASING = YES;
				CLANG_WARN_BOOL_CONVERSION = YES;
				CLANG_WARN_COMMA = YES;
				CLANG_WARN_CONSTANT_CONVERSION = YES;
				CLANG_WARN_DEPRECATED_OBJC_IMPLEMENTATIONS = YES;
				CLANG_WARN_DIRECT_OBJC_ISA_USAGE = YES_ERROR;
				CLANG_WARN_DOCUMENTATION_COMMENTS = YES;
				CLANG_WARN_EMPTY_BODY = YES;
				CLANG_WARN_ENUM_CONVERSION = YES;
				CLANG_WARN_INFINITE_RECURSION = YES;
				CLANG_WARN_INT_CONVERSION = YES;
				CLANG_WARN_NON_LITERAL_NULL_CONVERSION = YES;
				CLANG_WARN_OBJC_IMPLICIT_RETAIN_SELF = YES;
				CLANG_WARN_OBJC_LITERAL_CONVERSION = YES;
				CLANG_WARN_OBJC_ROOT_CLASS = YES_ERROR;
				CLANG_WARN_QUOTED_INCLUDE_IN_FRAMEWORK_HEADER = YES;
				CLANG_WARN_RANGE_LOOP_ANALYSIS = YES;
				CLANG_WARN_STRICT_PROTOTYPES = YES;
				CLANG_WARN_SUSPICIOUS_MOVE = YES;
				CLANG_WARN_UNGUARDED_AVAILABILITY = YES_AGGRESSIVE;
				CLANG_WARN_UNREACHABLE_CODE = YES;
				CLANG_WARN__DUPLICATE_METHOD_MATCH = YES;
				COPY_PHASE_STRIP = NO;
				DEBUG_INFORMATION_FORMAT = "dwarf-with-dsym";
				ENABLE_NS_ASSERTIONS = NO;
				ENABLE_STRICT_OBJC_MSGSEND = YES;
				GCC_C_LANGUAGE_STANDARD = gnu11;
				GCC_NO_COMMON_BLOCKS = YES;
				GCC_WARN_64_TO_32_BIT_CONVERSION = YES;
				GCC_WARN_ABOUT_RETURN_TYPE = YES_ERROR;
				GCC_WARN_UNDECLARED_SELECTOR = YES;
				GCC_WARN_UNINITIALIZED_AUTOS = YES_AGGRESSIVE;
				GCC_WARN_UNUSED_FUNCTION = YES;
				GCC_WARN_UNUSED_VARIABLE = YES;
				IPHONEOS_DEPLOYMENT_TARGET = 14.1;
				MTL_ENABLE_DEBUG_INFO = NO;
				MTL_FAST_MATH = YES;
				SDKROOT = iphoneos;
				SWIFT_COMPILATION_MODE = wholemodule;
				SWIFT_OPTIMIZATION_LEVEL = "-O";
				VALIDATE_PRODUCT = YES;
			};
			name = Release;
		};
		42C9A61D2632F29500432E78 /* Debug */ = {
			isa = XCBuildConfiguration;
			buildSettings = {
				ASSETCATALOG_COMPILER_APPICON_NAME = AppIcon;
				ASSETCATALOG_COMPILER_GLOBAL_ACCENT_COLOR_NAME = AccentColor;
				CODE_SIGN_STYLE = Automatic;
				INFOPLIST_FILE = AVMixcer/Info.plist;
				IPHONEOS_DEPLOYMENT_TARGET = 14.1;
				LD_RUNPATH_SEARCH_PATHS = (
					"$(inherited)",
					"@executable_path/Frameworks",
				);
				PRODUCT_BUNDLE_IDENTIFIER = com.canopas.AVMixcer;
				PRODUCT_NAME = "$(TARGET_NAME)";
				SWIFT_VERSION = 5.0;
				TARGETED_DEVICE_FAMILY = "1,2";
			};
			name = Debug;
		};
		42C9A61E2632F29500432E78 /* Release */ = {
			isa = XCBuildConfiguration;
			buildSettings = {
				ASSETCATALOG_COMPILER_APPICON_NAME = AppIcon;
				ASSETCATALOG_COMPILER_GLOBAL_ACCENT_COLOR_NAME = AccentColor;
				CODE_SIGN_STYLE = Automatic;
				INFOPLIST_FILE = AVMixcer/Info.plist;
				IPHONEOS_DEPLOYMENT_TARGET = 14.1;
				LD_RUNPATH_SEARCH_PATHS = (
					"$(inherited)",
					"@executable_path/Frameworks",
				);
				PRODUCT_BUNDLE_IDENTIFIER = com.canopas.AVMixcer;
				PRODUCT_NAME = "$(TARGET_NAME)";
				SWIFT_VERSION = 5.0;
				TARGETED_DEVICE_FAMILY = "1,2";
			};
			name = Release;
		};
/* End XCBuildConfiguration section */

/* Begin XCConfigurationList section */
		42C9A6032632F29400432E78 /* Build configuration list for PBXProject "AVMixcer" */ = {
			isa = XCConfigurationList;
			buildConfigurations = (
				42C9A61A2632F29500432E78 /* Debug */,
				42C9A61B2632F29500432E78 /* Release */,
			);
			defaultConfigurationIsVisible = 0;
			defaultConfigurationName = Release;
		};
		42C9A61C2632F29500432E78 /* Build configuration list for PBXNativeTarget "AVMixcer" */ = {
			isa = XCConfigurationList;
			buildConfigurations = (
				42C9A61D2632F29500432E78 /* Debug */,
				42C9A61E2632F29500432E78 /* Release */,
			);
			defaultConfigurationIsVisible = 0;
			defaultConfigurationName = Release;
		};
/* End XCConfigurationList section */
	};
	rootObject = 42C9A6002632F29400432E78 /* Project object */;
}
